
Microsoft Visual Studio Solution File, Format Version 12.00
# Visual Studio Version 17
VisualStudioVersion = 17.8.34316.72
MinimumVisualStudioVersion = 10.0.40219.1
Project("{FAE04EC0-301F-11D3-BF4B-00C04F79EFBC}") = "CompositeFolders", "CompositeFolders\CompositeFolders.csproj", "{283B39E6-2787-4822-9592-93D4C7F4E787}"
EndProject
Global
	GlobalSection(SolutionConfigurationPlatforms) = preSolution
		Debug|Any CPU = Debug|Any CPU
		Release|Any CPU = Release|Any CPU
	EndGlobalSection
	GlobalSection(ProjectConfigurationPlatforms) = postSolution
		{283B39E6-2787-4822-9592-93D4C7F4E787}.Debug|Any CPU.ActiveCfg = Debug|Any CPU
		{283B39E6-2787-4822-9592-93D4C7F4E787}.Debug|Any CPU.Build.0 = Debug|Any CPU
		{283B39E6-2787-4822-9592-93D4C7F4E787}.Release|Any CPU.ActiveCfg = Release|Any CPU
		{283B39E6-2787-4822-9592-93D4C7F4E787}.Release|Any CPU.Build.0 = Release|Any CPU
	EndGlobalSection
	GlobalSection(SolutionProperties) = preSolution
		HideSolutionNode = FALSE
	EndGlobalSection
	GlobalSection(ExtensibilityGlobals) = postSolution
		SolutionGuid = {73CE07F8-E42A-454F-8239-2AAF3E651307}
	EndGlobalSection
EndGlobal
